Microsoft Visual Studio Solution File, Format Version 12.00
# Visual Studio Version 17
VisualStudioVersion = 17.12.35527.113 d17.12
MinimumVisualStudioVersion = 10.0.40219.1
Project("{FAE04EC0-301F-11D3-BF4B-00C04F79EFBC}") = "StockApp.AppHost", "StockApp.AppHost\StockApp.AppHost.csproj", "{2E81671A-29A9-4C70-9EF9-0C85C6C889FD}"
EndProject
Project("{FAE04EC0-301F-11D3-BF4B-00C04F79EFBC}") = "StockApp.ServiceDefaults", "StockApp.ServiceDefaults\StockApp.ServiceDefaults.csproj", "{B4F0A7DA-A135-48DD-9DA5-612C40064FBE}"
EndProject
Project("{FAE04EC0-301F-11D3-BF4B-00C04F79EFBC}") = "StockApp.ApiService", "StockApp.ApiService\StockApp.ApiService.csproj", "{673C7D56-9224-44CF-98DF-CE3F67323341}"
EndProject
Project("{FAE04EC0-301F-11D3-BF4B-00C04F79EFBC}") = "StockApp.Web", "StockApp.Web\StockApp.Web.csproj", "{D7E62197-AC89-4FF7-982D-4BD208AD5219}"
EndProject
Global
	GlobalSection(SolutionConfigurationPlatforms) = preSolution
		Debug|Any CPU = Debug|Any CPU
		Release|Any CPU = Release|Any CPU
	EndGlobalSection
	GlobalSection(ProjectConfigurationPlatforms) = postSolution
		{2E81671A-29A9-4C70-9EF9-0C85C6C889FD}.Debug|Any CPU.ActiveCfg = Debug|Any CPU
		{2E81671A-29A9-4C70-9EF9-0C85C6C889FD}.Debug|Any CPU.Build.0 = Debug|Any CPU
		{2E81671A-29A9-4C70-9EF9-0C85C6C889FD}.Release|Any CPU.ActiveCfg = Release|Any CPU
		{2E81671A-29A9-4C70-9EF9-0C85C6C889FD}.Release|Any CPU.Build.0 = Release|Any CPU
		{B4F0A7DA-A135-48DD-9DA5-612C40064FBE}.Debug|Any CPU.ActiveCfg = Debug|Any CPU
		{B4F0A7DA-A135-48DD-9DA5-612C40064FBE}.Debug|Any CPU.Build.0 = Debug|Any CPU
		{B4F0A7DA-A135-48DD-9DA5-612C40064FBE}.Release|Any CPU.ActiveCfg = Release|Any CPU
		{B4F0A7DA-A135-48DD-9DA5-612C40064FBE}.Release|Any CPU.Build.0 = Release|Any CPU
		{673C7D56-9224-44CF-98DF-CE3F67323341}.Debug|Any CPU.ActiveCfg = Debug|Any CPU
		{673C7D56-9224-44CF-98DF-CE3F67323341}.Debug|Any CPU.Build.0 = Debug|Any CPU
		{673C7D56-9224-44CF-98DF-CE3F67323341}.Release|Any CPU.ActiveCfg = Release|Any CPU
		{673C7D56-9224-44CF-98DF-CE3F67323341}.Release|Any CPU.Build.0 = Release|Any CPU
		{D7E62197-AC89-4FF7-982D-4BD208AD5219}.Debug|Any CPU.ActiveCfg = Debug|Any CPU
		{D7E62197-AC89-4FF7-982D-4BD208AD5219}.Debug|Any CPU.Build.0 = Debug|Any CPU
		{D7E62197-AC89-4FF7-982D-4BD208AD5219}.Release|Any CPU.ActiveCfg = Release|Any CPU
		{D7E62197-AC89-4FF7-982D-4BD208AD5219}.Release|Any CPU.Build.0 = Release|Any CPU
	EndGlobalSection
	GlobalSection(SolutionProperties) = preSolution
		HideSolutionNode = FALSE
	EndGlobalSection
EndGlobal
